
Microsoft Visual Studio Solution File, Format Version 12.00
# Visual Studio Version 16
VisualStudioVersion = 16.0.29403.142
MinimumVisualStudioVersion = 10.0.40219.1
Project("{FAE04EC0-301F-11D3-BF4B-00C04F79EFBC}") = "ZooHack.Android", "ZooHack\ZooHack.Android\ZooHack.Android.csproj", "{BDC07D03-94B6-48F9-8A12-E5A9DDC81150}"
EndProject
Project("{FAE04EC0-301F-11D3-BF4B-00C04F79EFBC}") = "ZooHack", "ZooHack\ZooHack\ZooHack.csproj", "{5EF02B91-2C97-42B2-B1A4-23594606B3B3}"
EndProject
Global
	GlobalSection(SolutionConfigurationPlatforms) = preSolution
		Debug|Any CPU = Debug|Any CPU
		Release|Any CPU = Release|Any CPU
	EndGlobalSection
	GlobalSection(ProjectConfigurationPlatforms) = postSolution
		{BDC07D03-94B6-48F9-8A12-E5A9DDC81150}.Debug|Any CPU.ActiveCfg = Debug|Any CPU
		{BDC07D03-94B6-48F9-8A12-E5A9DDC81150}.Debug|Any CPU.Build.0 = Debug|Any CPU
		{BDC07D03-94B6-48F9-8A12-E5A9DDC81150}.Debug|Any CPU.Deploy.0 = Debug|Any CPU
		{BDC07D03-94B6-48F9-8A12-E5A9DDC81150}.Release|Any CPU.ActiveCfg = Release|Any CPU
		{BDC07D03-94B6-48F9-8A12-E5A9DDC81150}.Release|Any CPU.Build.0 = Release|Any CPU
		{BDC07D03-94B6-48F9-8A12-E5A9DDC81150}.Release|Any CPU.Deploy.0 = Release|Any CPU
		{5EF02B91-2C97-42B2-B1A4-23594606B3B3}.Debug|Any CPU.ActiveCfg = Debug|Any CPU
		{5EF02B91-2C97-42B2-B1A4-23594606B3B3}.Debug|Any CPU.Build.0 = Debug|Any CPU
		{5EF02B91-2C97-42B2-B1A4-23594606B3B3}.Debug|Any CPU.Deploy.0 = Debug|Any CPU
		{5EF02B91-2C97-42B2-B1A4-23594606B3B3}.Release|Any CPU.ActiveCfg = Release|Any CPU
		{5EF02B91-2C97-42B2-B1A4-23594606B3B3}.Release|Any CPU.Build.0 = Release|Any CPU
		{5EF02B91-2C97-42B2-B1A4-23594606B3B3}.Release|Any CPU.Deploy.0 = Release|Any CPU
	EndGlobalSection
	GlobalSection(SolutionProperties) = preSolution
		HideSolutionNode = FALSE
	EndGlobalSection
	GlobalSection(ExtensibilityGlobals) = postSolution
		SolutionGuid = {242882DF-F16B-46A9-B187-43250FB7E897}
	EndGlobalSection
EndGlobal
